// !$*UTF8*$!
{
	archiveVersion = 1;
	classes = {
	};
	objectVersion = 55;
	objects = {

/* Begin PBXBuildFile section */
		1EA78F8D276E5BAF00743884 /* AppDelegate.swift in Sources */ = {isa = PBXBuildFile; fileRef = 1EA78F8C276E5BAF00743884 /* AppDelegate.swift */; };
		1EA78F8F276E5BAF00743884 /* SceneDelegate.swift in Sources */ = {isa = PBXBuildFile; fileRef = 1EA78F8E276E5BAF00743884 /* SceneDelegate.swift */; };
		1EA78F91276E5BAF00743884 /* ViewController.swift in Sources */ = {isa = PBXBuildFile; fileRef = 1EA78F90276E5BAF00743884 /* ViewController.swift */; };
		1EA78F94276E5BAF00743884 /* Main.storyboard in Resources */ = {isa = PBXBuildFile; fileRef = 1EA78F92276E5BAF00743884 /* Main.storyboard */; };
		1EA78F97276E5BAF00743884 /* SubmissionAkhir.xcdatamodeld in Sources */ = {isa = PBXBuildFile; fileRef = 1EA78F95276E5BAF00743884 /* SubmissionAkhir.xcdatamodeld */; };
		1EA78F99276E5BB300743884 /* Assets.xcassets in Resources */ = {isa = PBXBuildFile; fileRef = 1EA78F98276E5BB300743884 /* Assets.xcassets */; };
		1EA78F9C276E5BB300743884 /* LaunchScreen.storyboard in Resources */ = {isa = PBXBuildFile; fileRef = 1EA78F9A276E5BB300743884 /* LaunchScreen.storyboard */; };
		1EA78FA8276E61DD00743884 /* RestaurantTableViewCell.swift in Sources */ = {isa = PBXBuildFile; fileRef = 1EA78FA6276E61DD00743884 /* RestaurantTableViewCell.swift */; };
		1EA78FA9276E61DD00743884 /* RestaurantTableViewCell.xib in Resources */ = {isa = PBXBuildFile; fileRef = 1EA78FA7276E61DD00743884 /* RestaurantTableViewCell.xib */; };
		1EA78FAB276E67AE00743884 /* Restaurant.swift in Sources */ = {isa = PBXBuildFile; fileRef = 1EA78FAA276E67AE00743884 /* Restaurant.swift */; };
		1EA78FAD276E6F3B00743884 /* DummyRestaurants.swift in Sources */ = {isa = PBXBuildFile; fileRef = 1EA78FAC276E6F3B00743884 /* DummyRestaurants.swift */; };
		1EA78FB1276F15A800743884 /* DetailViewController.swift in Sources */ = {isa = PBXBuildFile; fileRef = 1EA78FAF276F15A800743884 /* DetailViewController.swift */; };
		1EA78FB2276F15A800743884 /* DetailViewController.xib in Resources */ = {isa = PBXBuildFile; fileRef = 1EA78FB0276F15A800743884 /* DetailViewController.xib */; };
/* End PBXBuildFile section */

/* Begin PBXFileReference section */
		1EA78F89276E5BAF00743884 /* SubmissionAkhir.app */ = {isa = PBXFileReference; explicitFileType = wrapper.application; includeInIndex = 0; path = SubmissionAkhir.app; sourceTree = BUILT_PRODUCTS_DIR; };
		1EA78F8C276E5BAF00743884 /* AppDelegate.swift */ = {isa = PBXFileReference; lastKnownFileType = sourcecode.swift; path = AppDelegate.swift; sourceTree = "<group>"; };
		1EA78F8E276E5BAF00743884 /* SceneDelegate.swift */ = {isa = PBXFileReference; lastKnownFileType = sourcecode.swift; path = SceneDelegate.swift; sourceTree = "<group>"; };
		1EA78F90276E5BAF00743884 /* ViewController.swift */ = {isa = PBXFileReference; lastKnownFileType = sourcecode.swift; path = ViewController.swift; sourceTree = "<group>"; };
		1EA78F93276E5BAF00743884 /* Base */ = {isa = PBXFileReference; lastKnownFileType = file.storyboard; name = Base; path = Base.lproj/Main.storyboard; sourceTree = "<group>"; };
		1EA78F96276E5BAF00743884 /* SubmissionAkhir.xcdatamodel */ = {isa = PBXFileReference; lastKnownFileType = wrapper.xcdatamodel; path = SubmissionAkhir.xcdatamodel; sourceTree = "<group>"; };
		1EA78F98276E5BB300743884 /* Assets.xcassets */ = {isa = PBXFileReference; lastKnownFileType = folder.assetcatalog; path = Assets.xcassets; sourceTree = "<group>"; };
		1EA78F9B276E5BB300743884 /* Base */ = {isa = PBXFileReference; lastKnownFileType = file.storyboard; name = Base; path = Base.lproj/LaunchScreen.storyboard; sourceTree = "<group>"; };
		1EA78F9D276E5BB300743884 /* Info.plist */ = {isa = PBXFileReference; lastKnownFileType = text.plist.xml; path = Info.plist; sourceTree = "<group>"; };
		1EA78FA6276E61DD00743884 /* RestaurantTableViewCell.swift */ = {isa = PBXFileReference; lastKnownFileType = sourcecode.swift; path = RestaurantTableViewCell.swift; sourceTree = "<group>"; };
		1EA78FA7276E61DD00743884 /* RestaurantTableViewCell.xib */ = {isa = PBXFileReference; lastKnownFileType = file.xib; path = RestaurantTableViewCell.xib; sourceTree = "<group>"; };
		1EA78FAA276E67AE00743884 /* Restaurant.swift */ = {isa = PBXFileReference; lastKnownFileType = sourcecode.swift; path = Restaurant.swift; sourceTree = "<group>"; };
		1EA78FAC276E6F3B00743884 /* DummyRestaurants.swift */ = {isa = PBXFileReference; lastKnownFileType = sourcecode.swift; path = DummyRestaurants.swift; sourceTree = "<group>"; };
		1EA78FAF276F15A800743884 /* DetailViewController.swift */ = {isa = PBXFileReference; lastKnownFileType = sourcecode.swift; path = DetailViewController.swift; sourceTree = "<group>"; };
		1EA78FB0276F15A800743884 /* DetailViewController.xib */ = {isa = PBXFileReference; lastKnownFileType = file.xib; path = DetailViewController.xib; sourceTree = "<group>"; };
/* End PBXFileReference section */

/* Begin PBXFrameworksBuildPhase section */
		1EA78F86276E5BAF00743884 /* Frameworks */ = {
			isa = PBXFrameworksBuildPhase;
			buildActionMask = 2147483647;
			files = (
			);
			runOnlyForDeploymentPostprocessing = 0;
		};
/* End PBXFrameworksBuildPhase section */

/* Begin PBXGroup section */
		1EA78F80276E5BAF00743884 = {
			isa = PBXGroup;
			children = (
				1EA78F8B276E5BAF00743884 /* SubmissionAkhir */,
				1EA78F8A276E5BAF00743884 /* Products */,
			);
			sourceTree = "<group>";
		};
		1EA78F8A276E5BAF00743884 /* Products */ = {
			isa = PBXGroup;
			children = (
				1EA78F89276E5BAF00743884 /* SubmissionAkhir.app */,
			);
			name = Products;
			sourceTree = "<group>";
		};
		1EA78F8B276E5BAF00743884 /* SubmissionAkhir */ = {
			isa = PBXGroup;
			children = (
				1EA78FAE276F152000743884 /* Base */,
				1EA78FA3276E5BBF00743884 /* Controller */,
				1EA78FA5276E5BCF00743884 /* Model */,
				1EA78FA4276E5BC800743884 /* View */,
				1EA78F98276E5BB300743884 /* Assets.xcassets */,
				1EA78F9D276E5BB300743884 /* Info.plist */,
				1EA78F95276E5BAF00743884 /* SubmissionAkhir.xcdatamodeld */,
			);
			path = SubmissionAkhir;
			sourceTree = "<group>";
		};
		1EA78FA3276E5BBF00743884 /* Controller */ = {
			isa = PBXGroup;
			children = (
				1EA78F90276E5BAF00743884 /* ViewController.swift */,
				1EA78FA6276E61DD00743884 /* RestaurantTableViewCell.swift */,
				1EA78FAF276F15A800743884 /* DetailViewController.swift */,
			);
			path = Controller;
			sourceTree = "<group>";
		};
		1EA78FA4276E5BC800743884 /* View */ = {
			isa = PBXGroup;
			children = (
				1EA78F92276E5BAF00743884 /* Main.storyboard */,
				1EA78F9A276E5BB300743884 /* LaunchScreen.storyboard */,
				1EA78FA7276E61DD00743884 /* RestaurantTableViewCell.xib */,
				1EA78FB0276F15A800743884 /* DetailViewController.xib */,
			);
			path = View;
			sourceTree = "<group>";
		};
		1EA78FA5276E5BCF00743884 /* Model */ = {
			isa = PBXGroup;
			children = (
				1EA78FAA276E67AE00743884 /* Restaurant.swift */,
				1EA78FAC276E6F3B00743884 /* DummyRestaurants.swift */,
			);
			path = Model;
			sourceTree = "<group>";
		};
		1EA78FAE276F152000743884 /* Base */ = {
			isa = PBXGroup;
			children = (
				1EA78F8C276E5BAF00743884 /* AppDelegate.swift */,
				1EA78F8E276E5BAF00743884 /* SceneDelegate.swift */,
			);
			path = Base;
			sourceTree = "<group>";
		};
/* End PBXGroup section */

/* Begin PBXNativeTarget section */
		1EA78F88276E5BAF00743884 /* SubmissionAkhir */ = {
			isa = PBXNativeTarget;
			buildConfigurationList = 1EA78FA0276E5BB300743884 /* Build configuration list for PBXNativeTarget "SubmissionAkhir" */;
			buildPhases = (
				1EA78F85276E5BAF00743884 /* Sources */,
				1EA78F86276E5BAF00743884 /* Frameworks */,
				1EA78F87276E5BAF00743884 /* Resources */,
			);
			buildRules = (
			);
			dependencies = (
			);
			name = SubmissionAkhir;
			productName = SubmissionAkhir;
			productReference = 1EA78F89276E5BAF00743884 /* SubmissionAkhir.app */;
			productType = "com.apple.product-type.application";
		};
/* End PBXNativeTarget section */

/* Begin PBXProject section */
		1EA78F81276E5BAF00743884 /* Project object */ = {
			isa = PBXProject;
			attributes = {
				BuildIndependentTargetsInParallel = 1;
				LastSwiftUpdateCheck = 1320;
				LastUpgradeCheck = 1320;
				TargetAttributes = {
					1EA78F88276E5BAF00743884 = {
						CreatedOnToolsVersion = 13.2;
					};
				};
			};
			buildConfigurationList = 1EA78F84276E5BAF00743884 /* Build configuration list for PBXProject "SubmissionAkhir" */;
			compatibilityVersion = "Xcode 13.0";
			developmentRegion = en;
			hasScannedForEncodings = 0;
			knownRegions = (
				en,
				Base,
			);
			mainGroup = 1EA78F80276E5BAF00743884;
			productRefGroup = 1EA78F8A276E5BAF00743884 /* Products */;
			projectDirPath = "";
			projectRoot = "";
			targets = (
				1EA78F88276E5BAF00743884 /* SubmissionAkhir */,
			);
		};
/* End PBXProject section */

/* Begin PBXResourcesBuildPhase section */
		1EA78F87276E5BAF00743884 /* Resources */ = {
			isa = PBXResourcesBuildPhase;
			buildActionMask = 2147483647;
			files = (
				1EA78FA9276E61DD00743884 /* RestaurantTableViewCell.xib in Resources */,
				1EA78F9C276E5BB300743884 /* LaunchScreen.storyboard in Resources */,
				1EA78FB2276F15A800743884 /* DetailViewController.xib in Resources */,
				1EA78F99276E5BB300743884 /* Assets.xcassets in Resources */,
				1EA78F94276E5BAF00743884 /* Main.storyboard in Resources */,
			);
			runOnlyForDeploymentPostprocessing = 0;
		};
/* End PBXResourcesBuildPhase section */

/* Begin PBXSourcesBuildPhase section */
		1EA78F85276E5BAF00743884 /* Sources */ = {
			isa = PBXSourcesBuildPhase;
			buildActionMask = 2147483647;
			files = (
				1EA78FA8276E61DD00743884 /* RestaurantTableViewCell.swift in Sources */,
				1EA78FAD276E6F3B00743884 /* DummyRestaurants.swift in Sources */,
				1EA78F91276E5BAF00743884 /* ViewController.swift in Sources */,
				1EA78FAB276E67AE00743884 /* Restaurant.swift in Sources */,
				1EA78F8D276E5BAF00743884 /* AppDelegate.swift in Sources */,
				1EA78F8F276E5BAF00743884 /* SceneDelegate.swift in Sources */,
				1EA78F97276E5BAF00743884 /* SubmissionAkhir.xcdatamodeld in Sources */,
				1EA78FB1276F15A800743884 /* DetailViewController.swift in Sources */,
			);
			runOnlyForDeploymentPostprocessing = 0;
		};
/* End PBXSourcesBuildPhase section */

/* Begin PBXVariantGroup section */
		1EA78F92276E5BAF00743884 /* Main.storyboard */ = {
			isa = PBXVariantGroup;
			children = (
				1EA78F93276E5BAF00743884 /* Base */,
			);
			name = Main.storyboard;
			sourceTree = "<group>";
		};
		1EA78F9A276E5BB300743884 /* LaunchScreen.storyboard */ = {
			isa = PBXVariantGroup;
			children = (
				1EA78F9B276E5BB300743884 /* Base */,
			);
			name = LaunchScreen.storyboard;
			sourceTree = "<group>";
		};
/* End PBXVariantGroup section */

/* Begin XCBuildConfiguration section */
		1EA78F9E276E5BB300743884 /* Debug */ = {
			isa = XCBuildConfiguration;
			buildSettings = {
				ALWAYS_SEARCH_USER_PATHS = NO;
				CLANG_ANALYZER_NONNULL = YES;
				CLANG_ANALYZER_NUMBER_OBJECT_CONVERSION = YES_AGGRESSIVE;
				CLANG_CXX_LANGUAGE_STANDARD = "gnu++17";
				CLANG_CXX_LIBRARY = "libc++";
				CLANG_ENABLE_MODULES = YES;
				CLANG_ENABLE_OBJC_ARC = YES;
				CLANG_ENABLE_OBJC_WEAK = YES;
				CLANG_WARN_BLOCK_CAPTURE_AUTORELEASING = YES;
				CLANG_WARN_BOOL_CONVERSION = YES;
				CLANG_WARN_COMMA = YES;
				CLANG_WARN_CONSTANT_CONVERSION = YES;
				CLANG_WARN_DEPRECATED_OBJC_IMPLEMENTATIONS = YES;
				CLANG_WARN_DIRECT_OBJC_ISA_USAGE = YES_ERROR;
				CLANG_WARN_DOCUMENTATION_COMMENTS = YES;
				CLANG_WARN_EMPTY_BODY = YES;
				CLANG_WARN_ENUM_CONVERSION = YES;
				CLANG_WARN_INFINITE_RECURSION = YES;
				CLANG_WARN_INT_CONVERSION = YES;
				CLANG_WARN_NON_LITERAL_NULL_CONVERSION = YES;
				CLANG_WARN_OBJC_IMPLICIT_RETAIN_SELF = YES;
				CLANG_WARN_OBJC_LITERAL_CONVERSION = YES;
				CLANG_WARN_OBJC_ROOT_CLASS = YES_ERROR;
				CLANG_WARN_QUOTED_INCLUDE_IN_FRAMEWORK_HEADER = YES;
				CLANG_WARN_RANGE_LOOP_ANALYSIS = YES;
				CLANG_WARN_STRICT_PROTOTYPES = YES;
				CLANG_WARN_SUSPICIOUS_MOVE = YES;
				CLANG_WARN_UNGUARDED_AVAILABILITY = YES_AGGRESSIVE;
				CLANG_WARN_UNREACHABLE_CODE = YES;
				CLANG_WARN__DUPLICATE_METHOD_MATCH = YES;
				COPY_PHASE_STRIP = NO;
				DEBUG_INFORMATION_FORMAT = dwarf;
				ENABLE_STRICT_OBJC_MSGSEND = YES;
				ENABLE_TESTABILITY = YES;
				GCC_C_LANGUAGE_STANDARD = gnu11;
				GCC_DYNAMIC_NO_PIC = NO;
				GCC_NO_COMMON_BLOCKS = YES;
				GCC_OPTIMIZATION_LEVEL = 0;
				GCC_PREPROCESSOR_DEFINITIONS = (
					"DEBUG=1",
					"$(inherited)",
				);
				GCC_WARN_64_TO_32_BIT_CONVERSION = YES;
				GCC_WARN_ABOUT_RETURN_TYPE = YES_ERROR;
				GCC_WARN_UNDECLARED_SELECTOR = YES;
				GCC_WARN_UNINITIALIZED_AUTOS = YES_AGGRESSIVE;
				GCC_WARN_UNUSED_FUNCTION = YES;
				GCC_WARN_UNUSED_VARIABLE = YES;
				IPHONEOS_DEPLOYMENT_TARGET = 15.2;
				MTL_ENABLE_DEBUG_INFO = INCLUDE_SOURCE;
				MTL_FAST_MATH = YES;
				ONLY_ACTIVE_ARCH = YES;
				SDKROOT = iphoneos;
				SWIFT_ACTIVE_COMPILATION_CONDITIONS = DEBUG;
				SWIFT_OPTIMIZATION_LEVEL = "-Onone";
			};
			name = Debug;
		};
		1EA78F9F276E5BB300743884 /* Release */ = {
			isa = XCBuildConfiguration;
			buildSettings = {
				ALWAYS_SEARCH_USER_PATHS = NO;
				CLANG_ANALYZER_NONNULL = YES;
				CLANG_ANALYZER_NUMBER_OBJECT_CONVERSION = YES_AGGRESSIVE;
				CLANG_CXX_LANGUAGE_STANDARD = "gnu++17";
				CLANG_CXX_LIBRARY = "libc++";
				CLANG_ENABLE_MODULES = YES;
				CLANG_ENABLE_OBJC_ARC = YES;
				CLANG_ENABLE_OBJC_WEAK = YES;
				CLANG_WARN_BLOCK_CAPTURE_AUTORELEASING = YES;
				CLANG_WARN_BOOL_CONVERSION = YES;
				CLANG_WARN_COMMA = YES;
				CLANG_WARN_CONSTANT_CONVERSION = YES;
				CLANG_WARN_DEPRECATED_OBJC_IMPLEMENTATIONS = YES;
				CLANG_WARN_DIRECT_OBJC_ISA_USAGE = YES_ERROR;
				CLANG_WARN_DOCUMENTATION_COMMENTS = YES;
				CLANG_WARN_EMPTY_BODY = YES;
				CLANG_WARN_ENUM_CONVERSION = YES;
				CLANG_WARN_INFINITE_RECURSION = YES;
				CLANG_WARN_INT_CONVERSION = YES;
				CLANG_WARN_NON_LITERAL_NULL_CONVERSION = YES;
				CLANG_WARN_OBJC_IMPLICIT_RETAIN_SELF = YES;
				CLANG_WARN_OBJC_LITERAL_CONVERSION = YES;
				CLANG_WARN_OBJC_ROOT_CLASS = YES_ERROR;
				CLANG_WARN_QUOTED_INCLUDE_IN_FRAMEWORK_HEADER = YES;
				CLANG_WARN_RANGE_LOOP_ANALYSIS = YES;
				CLANG_WARN_STRICT_PROTOTYPES = YES;
				CLANG_WARN_SUSPICIOUS_MOVE = YES;
				CLANG_WARN_UNGUARDED_AVAILABILITY = YES_AGGRESSIVE;
				CLANG_WARN_UNREACHABLE_CODE = YES;
				CLANG_WARN__DUPLICATE_METHOD_MATCH = YES;
				COPY_PHASE_STRIP = NO;
				DEBUG_INFORMATION_FORMAT = "dwarf-with-dsym";
				ENABLE_NS_ASSERTIONS = NO;
				ENABLE_STRICT_OBJC_MSGSEND = YES;
				GCC_C_LANGUAGE_STANDARD = gnu11;
				GCC_NO_COMMON_BLOCKS = YES;
				GCC_WARN_64_TO_32_BIT_CONVERSION = YES;
				GCC_WARN_ABOUT_RETURN_TYPE = YES_ERROR;
				GCC_WARN_UNDECLARED_SELECTOR = YES;
				GCC_WARN_UNINITIALIZED_AUTOS = YES_AGGRESSIVE;
				GCC_WARN_UNUSED_FUNCTION = YES;
				GCC_WARN_UNUSED_VARIABLE = YES;
				IPHONEOS_DEPLOYMENT_TARGET = 15.2;
				MTL_ENABLE_DEBUG_INFO = NO;
				MTL_FAST_MATH = YES;
				SDKROOT = iphoneos;
				SWIFT_COMPILATION_MODE = wholemodule;
				SWIFT_OPTIMIZATION_LEVEL = "-O";
				VALIDATE_PRODUCT = YES;
			};
			name = Release;
		};
		1EA78FA1276E5BB300743884 /* Debug */ = {
			isa = XCBuildConfiguration;
			buildSettings = {
				ASSETCATALOG_COMPILER_APPICON_NAME = AppIcon;
				ASSETCATALOG_COMPILER_GLOBAL_ACCENT_COLOR_NAME = AccentColor;
				CODE_SIGN_STYLE = Automatic;
				CURRENT_PROJECT_VERSION = 1;
				DEVELOPMENT_TEAM = 877P5Y2LJ7;
				GENERATE_INFOPLIST_FILE = YES;
				INFOPLIST_FILE = SubmissionAkhir/Info.plist;
				INFOPLIST_KEY_UIApplicationSupportsIndirectInputEvents = YES;
				INFOPLIST_KEY_UILaunchStoryboardName = LaunchScreen;
				INFOPLIST_KEY_UIMainStoryboardFile = Main;
				INFOPLIST_KEY_UISupportedInterfaceOrientations_iPad = "UIInterfaceOrientationPortrait UIInterfaceOrientationPortraitUpsideDown UIInterfaceOrientationLandscapeLeft UIInterfaceOrientationLandscapeRight";
				INFOPLIST_KEY_UISupportedInterfaceOrientations_iPhone = "UIInterfaceOrientationPortrait UIInterfaceOrientationLandscapeLeft UIInterfaceOrientationLandscapeRight";
				LD_RUNPATH_SEARCH_PATHS = (
					"$(inherited)",
					"@executable_path/Frameworks",
				);
				MARKETING_VERSION = 1.0;
				PRODUCT_BUNDLE_IDENTIFIER = com.dicoding.academy.SubmissionAkhir;
				PRODUCT_NAME = "$(TARGET_NAME)";
				SWIFT_EMIT_LOC_STRINGS = YES;
				SWIFT_VERSION = 5.0;
				TARGETED_DEVICE_FAMILY = "1,2";
			};
			name = Debug;
		};
		1EA78FA2276E5BB300743884 /* Release */ = {
			isa = XCBuildConfiguration;
			buildSettings = {
				ASSETCATALOG_COMPILER_APPICON_NAME = AppIcon;
				ASSETCATALOG_COMPILER_GLOBAL_ACCENT_COLOR_NAME = AccentColor;
				CODE_SIGN_STYLE = Automatic;
				CURRENT_PROJECT_VERSION = 1;
				DEVELOPMENT_TEAM = 877P5Y2LJ7;
				GENERATE_INFOPLIST_FILE = YES;
				INFOPLIST_FILE = SubmissionAkhir/Info.plist;
				INFOPLIST_KEY_UIApplicationSupportsIndirectInputEvents = YES;
				INFOPLIST_KEY_UILaunchStoryboardName = LaunchScreen;
				INFOPLIST_KEY_UIMainStoryboardFile = Main;
				INFOPLIST_KEY_UISupportedInterfaceOrientations_iPad = "UIInterfaceOrientationPortrait UIInterfaceOrientationPortraitUpsideDown UIInterfaceOrientationLandscapeLeft UIInterfaceOrientationLandscapeRight";
				INFOPLIST_KEY_UISupportedInterfaceOrientations_iPhone = "UIInterfaceOrientationPortrait UIInterfaceOrientationLandscapeLeft UIInterfaceOrientationLandscapeRight";
				LD_RUNPATH_SEARCH_PATHS = (
					"$(inherited)",
					"@executable_path/Frameworks",
				);
				MARKETING_VERSION = 1.0;
				PRODUCT_BUNDLE_IDENTIFIER = com.dicoding.academy.SubmissionAkhir;
				PRODUCT_NAME = "$(TARGET_NAME)";
				SWIFT_EMIT_LOC_STRINGS = YES;
				SWIFT_VERSION = 5.0;
				TARGETED_DEVICE_FAMILY = "1,2";
			};
			name = Release;
		};
/* End XCBuildConfiguration section */

/* Begin XCConfigurationList section */
		1EA78F84276E5BAF00743884 /* Build configuration list for PBXProject "SubmissionAkhir" */ = {
			isa = XCConfigurationList;
			buildConfigurations = (
				1EA78F9E276E5BB300743884 /* Debug */,
				1EA78F9F276E5BB300743884 /* Release */,
			);
			defaultConfigurationIsVisible = 0;
			defaultConfigurationName = Release;
		};
		1EA78FA0276E5BB300743884 /* Build configuration list for PBXNativeTarget "SubmissionAkhir" */ = {
			isa = XCConfigurationList;
			buildConfigurations = (
				1EA78FA1276E5BB300743884 /* Debug */,
				1EA78FA2276E5BB300743884 /* Release */,
			);
			defaultConfigurationIsVisible = 0;
			defaultConfigurationName = Release;
		};
/* End XCConfigurationList section */

/* Begin XCVersionGroup section */
		1EA78F95276E5BAF00743884 /* SubmissionAkhir.xcdatamodeld */ = {
			isa = XCVersionGroup;
			children = (
				1EA78F96276E5BAF00743884 /* SubmissionAkhir.xcdatamodel */,
			);
			currentVersion = 1EA78F96276E5BAF00743884 /* SubmissionAkhir.xcdatamodel */;
			path = SubmissionAkhir.xcdatamodeld;
			sourceTree = "<group>";
			versionGroupType = wrapper.xcdatamodel;
		};
/* End XCVersionGroup section */
	};
	rootObject = 1EA78F81276E5BAF00743884 /* Project object */;
}
